// !$*UTF8*$!
{
	archiveVersion = 1;
	classes = {
	};
	objectVersion = 56;
	objects = {

/* Begin PBXBuildFile section */
		52BB27552BC45C5D009EDC5D /* AppDelegate.swift in Sources */ = {isa = PBXBuildFile; fileRef = 52BB27542BC45C5D009EDC5D /* AppDelegate.swift */; };
		52BB27572BC45C5D009EDC5D /* SceneDelegate.swift in Sources */ = {isa = PBXBuildFile; fileRef = 52BB27562BC45C5D009EDC5D /* SceneDelegate.swift */; };
		52BB27592BC45C5D009EDC5D /* ViewController.swift in Sources */ = {isa = PBXBuildFile; fileRef = 52BB27582BC45C5D009EDC5D /* ViewController.swift */; };
		52BB275C2BC45C5D009EDC5D /* Main.storyboard in Resources */ = {isa = PBXBuildFile; fileRef = 52BB275A2BC45C5D009EDC5D /* Main.storyboard */; };
		52BB275E2BC45C60009EDC5D /* Assets.xcassets in Resources */ = {isa = PBXBuildFile; fileRef = 52BB275D2BC45C60009EDC5D /* Assets.xcassets */; };
		52BB27612BC45C60009EDC5D /* LaunchScreen.storyboard in Resources */ = {isa = PBXBuildFile; fileRef = 52BB275F2BC45C60009EDC5D /* LaunchScreen.storyboard */; };
		52BB276C2BC45C60009EDC5D /* Jaimin_Patel_FE_8959101Tests.swift in Sources */ = {isa = PBXBuildFile; fileRef = 52BB276B2BC45C60009EDC5D /* Jaimin_Patel_FE_8959101Tests.swift */; };
		52BB27762BC45C60009EDC5D /* Jaimin_Patel_FE_8959101UITests.swift in Sources */ = {isa = PBXBuildFile; fileRef = 52BB27752BC45C60009EDC5D /* Jaimin_Patel_FE_8959101UITests.swift */; };
		52BB27782BC45C60009EDC5D /* Jaimin_Patel_FE_8959101UITestsLaunchTests.swift in Sources */ = {isa = PBXBuildFile; fileRef = 52BB27772BC45C60009EDC5D /* Jaimin_Patel_FE_8959101UITestsLaunchTests.swift */; };
/* End PBXBuildFile section */

/* Begin PBXContainerItemProxy section */
		52BB27682BC45C60009EDC5D /* PBXContainerItemProxy */ = {
			isa = PBXContainerItemProxy;
			containerPortal = 52BB27492BC45C5D009EDC5D /* Project object */;
			proxyType = 1;
			remoteGlobalIDString = 52BB27502BC45C5D009EDC5D;
			remoteInfo = Jaimin_Patel_FE_8959101;
		};
		52BB27722BC45C60009EDC5D /* PBXContainerItemProxy */ = {
			isa = PBXContainerItemProxy;
			containerPortal = 52BB27492BC45C5D009EDC5D /* Project object */;
			proxyType = 1;
			remoteGlobalIDString = 52BB27502BC45C5D009EDC5D;
			remoteInfo = Jaimin_Patel_FE_8959101;
		};
/* End PBXContainerItemProxy section */

/* Begin PBXFileReference section */
		52BB27512BC45C5D009EDC5D /* Jaimin_Patel_FE_8959101.app */ = {isa = PBXFileReference; explicitFileType = wrapper.application; includeInIndex = 0; path = Jaimin_Patel_FE_8959101.app; sourceTree = BUILT_PRODUCTS_DIR; };
		52BB27542BC45C5D009EDC5D /* AppDelegate.swift */ = {isa = PBXFileReference; lastKnownFileType = sourcecode.swift; path = AppDelegate.swift; sourceTree = "<group>"; };
		52BB27562BC45C5D009EDC5D /* SceneDelegate.swift */ = {isa = PBXFileReference; lastKnownFileType = sourcecode.swift; path = SceneDelegate.swift; sourceTree = "<group>"; };
		52BB27582BC45C5D009EDC5D /* ViewController.swift */ = {isa = PBXFileReference; lastKnownFileType = sourcecode.swift; path = ViewController.swift; sourceTree = "<group>"; };
		52BB275B2BC45C5D009EDC5D /* Base */ = {isa = PBXFileReference; lastKnownFileType = file.storyboard; name = Base; path = Base.lproj/Main.storyboard; sourceTree = "<group>"; };
		52BB275D2BC45C60009EDC5D /* Assets.xcassets */ = {isa = PBXFileReference; lastKnownFileType = folder.assetcatalog; path = Assets.xcassets; sourceTree = "<group>"; };
		52BB27602BC45C60009EDC5D /* Base */ = {isa = PBXFileReference; lastKnownFileType = file.storyboard; name = Base; path = Base.lproj/LaunchScreen.storyboard; sourceTree = "<group>"; };
		52BB27622BC45C60009EDC5D /* Info.plist */ = {isa = PBXFileReference; lastKnownFileType = text.plist.xml; path = Info.plist; sourceTree = "<group>"; };
		52BB27672BC45C60009EDC5D /* Jaimin_Patel_FE_8959101Tests.xctest */ = {isa = PBXFileReference; explicitFileType = wrapper.cfbundle; includeInIndex = 0; path = Jaimin_Patel_FE_8959101Tests.xctest; sourceTree = BUILT_PRODUCTS_DIR; };
		52BB276B2BC45C60009EDC5D /* Jaimin_Patel_FE_8959101Tests.swift */ = {isa = PBXFileReference; lastKnownFileType = sourcecode.swift; path = Jaimin_Patel_FE_8959101Tests.swift; sourceTree = "<group>"; };
		52BB27712BC45C60009EDC5D /* Jaimin_Patel_FE_8959101UITests.xctest */ = {isa = PBXFileReference; explicitFileType = wrapper.cfbundle; includeInIndex = 0; path = Jaimin_Patel_FE_8959101UITests.xctest; sourceTree = BUILT_PRODUCTS_DIR; };
		52BB27752BC45C60009EDC5D /* Jaimin_Patel_FE_8959101UITests.swift */ = {isa = PBXFileReference; lastKnownFileType = sourcecode.swift; path = Jaimin_Patel_FE_8959101UITests.swift; sourceTree = "<group>"; };
		52BB27772BC45C60009EDC5D /* Jaimin_Patel_FE_8959101UITestsLaunchTests.swift */ = {isa = PBXFileReference; lastKnownFileType = sourcecode.swift; path = Jaimin_Patel_FE_8959101UITestsLaunchTests.swift; sourceTree = "<group>"; };
/* End PBXFileReference section */

/* Begin PBXFrameworksBuildPhase section */
		52BB274E2BC45C5D009EDC5D /* Frameworks */ = {
			isa = PBXFrameworksBuildPhase;
			buildActionMask = 2147483647;
			files = (
			);
			runOnlyForDeploymentPostprocessing = 0;
		};
		52BB27642BC45C60009EDC5D /* Frameworks */ = {
			isa = PBXFrameworksBuildPhase;
			buildActionMask = 2147483647;
			files = (
			);
			runOnlyForDeploymentPostprocessing = 0;
		};
		52BB276E2BC45C60009EDC5D /* Frameworks */ = {
			isa = PBXFrameworksBuildPhase;
			buildActionMask = 2147483647;
			files = (
			);
			runOnlyForDeploymentPostprocessing = 0;
		};
/* End PBXFrameworksBuildPhase section */

/* Begin PBXGroup section */
		52BB27482BC45C5D009EDC5D = {
			isa = PBXGroup;
			children = (
				52BB27532BC45C5D009EDC5D /* Jaimin_Patel_FE_8959101 */,
				52BB276A2BC45C60009EDC5D /* Jaimin_Patel_FE_8959101Tests */,
				52BB27742BC45C60009EDC5D /* Jaimin_Patel_FE_8959101UITests */,
				52BB27522BC45C5D009EDC5D /* Products */,
			);
			sourceTree = "<group>";
		};
		52BB27522BC45C5D009EDC5D /* Products */ = {
			isa = PBXGroup;
			children = (
				52BB27512BC45C5D009EDC5D /* Jaimin_Patel_FE_8959101.app */,
				52BB27672BC45C60009EDC5D /* Jaimin_Patel_FE_8959101Tests.xctest */,
				52BB27712BC45C60009EDC5D /* Jaimin_Patel_FE_8959101UITests.xctest */,
			);
			name = Products;
			sourceTree = "<group>";
		};
		52BB27532BC45C5D009EDC5D /* Jaimin_Patel_FE_8959101 */ = {
			isa = PBXGroup;
			children = (
				52BB27542BC45C5D009EDC5D /* AppDelegate.swift */,
				52BB27562BC45C5D009EDC5D /* SceneDelegate.swift */,
				52BB27582BC45C5D009EDC5D /* ViewController.swift */,
				52BB275A2BC45C5D009EDC5D /* Main.storyboard */,
				52BB275D2BC45C60009EDC5D /* Assets.xcassets */,
				52BB275F2BC45C60009EDC5D /* LaunchScreen.storyboard */,
				52BB27622BC45C60009EDC5D /* Info.plist */,
			);
			path = Jaimin_Patel_FE_8959101;
			sourceTree = "<group>";
		};
		52BB276A2BC45C60009EDC5D /* Jaimin_Patel_FE_8959101Tests */ = {
			isa = PBXGroup;
			children = (
				52BB276B2BC45C60009EDC5D /* Jaimin_Patel_FE_8959101Tests.swift */,
			);
			path = Jaimin_Patel_FE_8959101Tests;
			sourceTree = "<group>";
		};
		52BB27742BC45C60009EDC5D /* Jaimin_Patel_FE_8959101UITests */ = {
			isa = PBXGroup;
			children = (
				52BB27752BC45C60009EDC5D /* Jaimin_Patel_FE_8959101UITests.swift */,
				52BB27772BC45C60009EDC5D /* Jaimin_Patel_FE_8959101UITestsLaunchTests.swift */,
			);
			path = Jaimin_Patel_FE_8959101UITests;
			sourceTree = "<group>";
		};
/* End PBXGroup section */

/* Begin PBXNativeTarget section */
		52BB27502BC45C5D009EDC5D /* Jaimin_Patel_FE_8959101 */ = {
			isa = PBXNativeTarget;
			buildConfigurationList = 52BB277B2BC45C60009EDC5D /* Build configuration list for PBXNativeTarget "Jaimin_Patel_FE_8959101" */;
			buildPhases = (
				52BB274D2BC45C5D009EDC5D /* Sources */,
				52BB274E2BC45C5D009EDC5D /* Frameworks */,
				52BB274F2BC45C5D009EDC5D /* Resources */,
			);
			buildRules = (
			);
			dependencies = (
			);
			name = Jaimin_Patel_FE_8959101;
			productName = Jaimin_Patel_FE_8959101;
			productReference = 52BB27512BC45C5D009EDC5D /* Jaimin_Patel_FE_8959101.app */;
			productType = "com.apple.product-type.application";
		};
		52BB27662BC45C60009EDC5D /* Jaimin_Patel_FE_8959101Tests */ = {
			isa = PBXNativeTarget;
			buildConfigurationList = 52BB277E2BC45C60009EDC5D /* Build configuration list for PBXNativeTarget "Jaimin_Patel_FE_8959101Tests" */;
			buildPhases = (
				52BB27632BC45C60009EDC5D /* Sources */,
				52BB27642BC45C60009EDC5D /* Frameworks */,
				52BB27652BC45C60009EDC5D /* Resources */,
			);
			buildRules = (
			);
			dependencies = (
				52BB27692BC45C60009EDC5D /* PBXTargetDependency */,
			);
			name = Jaimin_Patel_FE_8959101Tests;
			productName = Jaimin_Patel_FE_8959101Tests;
			productReference = 52BB27672BC45C60009EDC5D /* Jaimin_Patel_FE_8959101Tests.xctest */;
			productType = "com.apple.product-type.bundle.unit-test";
		};
		52BB27702BC45C60009EDC5D /* Jaimin_Patel_FE_8959101UITests */ = {
			isa = PBXNativeTarget;
			buildConfigurationList = 52BB27812BC45C60009EDC5D /* Build configuration list for PBXNativeTarget "Jaimin_Patel_FE_8959101UITests" */;
			buildPhases = (
				52BB276D2BC45C60009EDC5D /* Sources */,
				52BB276E2BC45C60009EDC5D /* Frameworks */,
				52BB276F2BC45C60009EDC5D /* Resources */,
			);
			buildRules = (
			);
			dependencies = (
				52BB27732BC45C60009EDC5D /* PBXTargetDependency */,
			);
			name = Jaimin_Patel_FE_8959101UITests;
			productName = Jaimin_Patel_FE_8959101UITests;
			productReference = 52BB27712BC45C60009EDC5D /* Jaimin_Patel_FE_8959101UITests.xctest */;
			productType = "com.apple.product-type.bundle.ui-testing";
		};
/* End PBXNativeTarget section */

/* Begin PBXProject section */
		52BB27492BC45C5D009EDC5D /* Project object */ = {
			isa = PBXProject;
			attributes = {
				BuildIndependentTargetsInParallel = 1;
				LastSwiftUpdateCheck = 1420;
				LastUpgradeCheck = 1420;
				TargetAttributes = {
					52BB27502BC45C5D009EDC5D = {
						CreatedOnToolsVersion = 14.2;
					};
					52BB27662BC45C60009EDC5D = {
						CreatedOnToolsVersion = 14.2;
						TestTargetID = 52BB27502BC45C5D009EDC5D;
					};
					52BB27702BC45C60009EDC5D = {
						CreatedOnToolsVersion = 14.2;
						TestTargetID = 52BB27502BC45C5D009EDC5D;
					};
				};
			};
			buildConfigurationList = 52BB274C2BC45C5D009EDC5D /* Build configuration list for PBXProject "Jaimin_Patel_FE_8959101" */;
			compatibilityVersion = "Xcode 14.0";
			developmentRegion = en;
			hasScannedForEncodings = 0;
			knownRegions = (
				en,
				Base,
			);
			mainGroup = 52BB27482BC45C5D009EDC5D;
			productRefGroup = 52BB27522BC45C5D009EDC5D /* Products */;
			projectDirPath = "";
			projectRoot = "";
			targets = (
				52BB27502BC45C5D009EDC5D /* Jaimin_Patel_FE_8959101 */,
				52BB27662BC45C60009EDC5D /* Jaimin_Patel_FE_8959101Tests */,
				52BB27702BC45C60009EDC5D /* Jaimin_Patel_FE_8959101UITests */,
			);
		};
/* End PBXProject section */

/* Begin PBXResourcesBuildPhase section */
		52BB274F2BC45C5D009EDC5D /* Resources */ = {
			isa = PBXResourcesBuildPhase;
			buildActionMask = 2147483647;
			files = (
				52BB27612BC45C60009EDC5D /* LaunchScreen.storyboard in Resources */,
				52BB275E2BC45C60009EDC5D /* Assets.xcassets in Resources */,
				52BB275C2BC45C5D009EDC5D /* Main.storyboard in Resources */,
			);
			runOnlyForDeploymentPostprocessing = 0;
		};
		52BB27652BC45C60009EDC5D /* Resources */ = {
			isa = PBXResourcesBuildPhase;
			buildActionMask = 2147483647;
			files = (
			);
			runOnlyForDeploymentPostprocessing = 0;
		};
		52BB276F2BC45C60009EDC5D /* Resources */ = {
			isa = PBXResourcesBuildPhase;
			buildActionMask = 2147483647;
			files = (
			);
			runOnlyForDeploymentPostprocessing = 0;
		};
/* End PBXResourcesBuildPhase section */

/* Begin PBXSourcesBuildPhase section */
		52BB274D2BC45C5D009EDC5D /* Sources */ = {
			isa = PBXSourcesBuildPhase;
			buildActionMask = 2147483647;
			files = (
				52BB27592BC45C5D009EDC5D /* ViewController.swift in Sources */,
				52BB27552BC45C5D009EDC5D /* AppDelegate.swift in Sources */,
				52BB27572BC45C5D009EDC5D /* SceneDelegate.swift in Sources */,
			);
			runOnlyForDeploymentPostprocessing = 0;
		};
		52BB27632BC45C60009EDC5D /* Sources */ = {
			isa = PBXSourcesBuildPhase;
			buildActionMask = 2147483647;
			files = (
				52BB276C2BC45C60009EDC5D /* Jaimin_Patel_FE_8959101Tests.swift in Sources */,
			);
			runOnlyForDeploymentPostprocessing = 0;
		};
		52BB276D2BC45C60009EDC5D /* Sources */ = {
			isa = PBXSourcesBuildPhase;
			buildActionMask = 2147483647;
			files = (
				52BB27782BC45C60009EDC5D /* Jaimin_Patel_FE_8959101UITestsLaunchTests.swift in Sources */,
				52BB27762BC45C60009EDC5D /* Jaimin_Patel_FE_8959101UITests.swift in Sources */,
			);
			runOnlyForDeploymentPostprocessing = 0;
		};
/* End PBXSourcesBuildPhase section */

/* Begin PBXTargetDependency section */
		52BB27692BC45C60009EDC5D /* PBXTargetDependency */ = {
			isa = PBXTargetDependency;
			target = 52BB27502BC45C5D009EDC5D /* Jaimin_Patel_FE_8959101 */;
			targetProxy = 52BB27682BC45C60009EDC5D /* PBXContainerItemProxy */;
		};
		52BB27732BC45C60009EDC5D /* PBXTargetDependency */ = {
			isa = PBXTargetDependency;
			target = 52BB27502BC45C5D009EDC5D /* Jaimin_Patel_FE_8959101 */;
			targetProxy = 52BB27722BC45C60009EDC5D /* PBXContainerItemProxy */;
		};
/* End PBXTargetDependency section */

/* Begin PBXVariantGroup section */
		52BB275A2BC45C5D009EDC5D /* Main.storyboard */ = {
			isa = PBXVariantGroup;
			children = (
				52BB275B2BC45C5D009EDC5D /* Base */,
			);
			name = Main.storyboard;
			sourceTree = "<group>";
		};
		52BB275F2BC45C60009EDC5D /* LaunchScreen.storyboard */ = {
			isa = PBXVariantGroup;
			children = (
				52BB27602BC45C60009EDC5D /* Base */,
			);
			name = LaunchScreen.storyboard;
			sourceTree = "<group>";
		};
/* End PBXVariantGroup section */

/* Begin XCBuildConfiguration section */
		52BB27792BC45C60009EDC5D /* Debug */ = {
			isa = XCBuildConfiguration;
			buildSettings = {
				ALWAYS_SEARCH_USER_PATHS = NO;
				CLANG_ANALYZER_NONNULL = YES;
				CLANG_ANALYZER_NUMBER_OBJECT_CONVERSION = YES_AGGRESSIVE;
				CLANG_CXX_LANGUAGE_STANDARD = "gnu++20";
				CLANG_ENABLE_MODULES = YES;
				CLANG_ENABLE_OBJC_ARC = YES;
				CLANG_ENABLE_OBJC_WEAK = YES;
				CLANG_WARN_BLOCK_CAPTURE_AUTORELEASING = YES;
				CLANG_WARN_BOOL_CONVERSION = YES;
				CLANG_WARN_COMMA = YES;
				CLANG_WARN_CONSTANT_CONVERSION = YES;
				CLANG_WARN_DEPRECATED_OBJC_IMPLEMENTATIONS = YES;
				CLANG_WARN_DIRECT_OBJC_ISA_USAGE = YES_ERROR;
				CLANG_WARN_DOCUMENTATION_COMMENTS = YES;
				CLANG_WARN_EMPTY_BODY = YES;
				CLANG_WARN_ENUM_CONVERSION = YES;
				CLANG_WARN_INFINITE_RECURSION = YES;
				CLANG_WARN_INT_CONVERSION = YES;
				CLANG_WARN_NON_LITERAL_NULL_CONVERSION = YES;
				CLANG_WARN_OBJC_IMPLICIT_RETAIN_SELF = YES;
				CLANG_WARN_OBJC_LITERAL_CONVERSION = YES;
				CLANG_WARN_OBJC_ROOT_CLASS = YES_ERROR;
				CLANG_WARN_QUOTED_INCLUDE_IN_FRAMEWORK_HEADER = YES;
				CLANG_WARN_RANGE_LOOP_ANALYSIS = YES;
				CLANG_WARN_STRICT_PROTOTYPES = YES;
				CLANG_WARN_SUSPICIOUS_MOVE = YES;
				CLANG_WARN_UNGUARDED_AVAILABILITY = YES_AGGRESSIVE;
				CLANG_WARN_UNREACHABLE_CODE = YES;
				CLANG_WARN__DUPLICATE_METHOD_MATCH = YES;
				COPY_PHASE_STRIP = NO;
				DEBUG_INFORMATION_FORMAT = dwarf;
				ENABLE_STRICT_OBJC_MSGSEND = YES;
				ENABLE_TESTABILITY = YES;
				GCC_C_LANGUAGE_STANDARD = gnu11;
				GCC_DYNAMIC_NO_PIC = NO;
				GCC_NO_COMMON_BLOCKS = YES;
				GCC_OPTIMIZATION_LEVEL = 0;
				GCC_PREPROCESSOR_DEFINITIONS = (
					"DEBUG=1",
					"$(inherited)",
				);
				GCC_WARN_64_TO_32_BIT_CONVERSION = YES;
				GCC_WARN_ABOUT_RETURN_TYPE = YES_ERROR;
				GCC_WARN_UNDECLARED_SELECTOR = YES;
				GCC_WARN_UNINITIALIZED_AUTOS = YES_AGGRESSIVE;
				GCC_WARN_UNUSED_FUNCTION = YES;
				GCC_WARN_UNUSED_VARIABLE = YES;
				IPHONEOS_DEPLOYMENT_TARGET = 16.2;
				MTL_ENABLE_DEBUG_INFO = INCLUDE_SOURCE;
				MTL_FAST_MATH = YES;
				ONLY_ACTIVE_ARCH = YES;
				SDKROOT = iphoneos;
				SWIFT_ACTIVE_COMPILATION_CONDITIONS = DEBUG;
				SWIFT_OPTIMIZATION_LEVEL = "-Onone";
			};
			name = Debug;
		};
		52BB277A2BC45C60009EDC5D /* Release */ = {
			isa = XCBuildConfiguration;
			buildSettings = {
				ALWAYS_SEARCH_USER_PATHS = NO;
				CLANG_ANALYZER_NONNULL = YES;
				CLANG_ANALYZER_NUMBER_OBJECT_CONVERSION = YES_AGGRESSIVE;
				CLANG_CXX_LANGUAGE_STANDARD = "gnu++20";
				CLANG_ENABLE_MODULES = YES;
				CLANG_ENABLE_OBJC_ARC = YES;
				CLANG_ENABLE_OBJC_WEAK = YES;
				CLANG_WARN_BLOCK_CAPTURE_AUTORELEASING = YES;
				CLANG_WARN_BOOL_CONVERSION = YES;
				CLANG_WARN_COMMA = YES;
				CLANG_WARN_CONSTANT_CONVERSION = YES;
				CLANG_WARN_DEPRECATED_OBJC_IMPLEMENTATIONS = YES;
				CLANG_WARN_DIRECT_OBJC_ISA_USAGE = YES_ERROR;
				CLANG_WARN_DOCUMENTATION_COMMENTS = YES;
				CLANG_WARN_EMPTY_BODY = YES;
				CLANG_WARN_ENUM_CONVERSION = YES;
				CLANG_WARN_INFINITE_RECURSION = YES;
				CLANG_WARN_INT_CONVERSION = YES;
				CLANG_WARN_NON_LITERAL_NULL_CONVERSION = YES;
				CLANG_WARN_OBJC_IMPLICIT_RETAIN_SELF = YES;
				CLANG_WARN_OBJC_LITERAL_CONVERSION = YES;
				CLANG_WARN_OBJC_ROOT_CLASS = YES_ERROR;
				CLANG_WARN_QUOTED_INCLUDE_IN_FRAMEWORK_HEADER = YES;
				CLANG_WARN_RANGE_LOOP_ANALYSIS = YES;
				CLANG_WARN_STRICT_PROTOTYPES = YES;
				CLANG_WARN_SUSPICIOUS_MOVE = YES;
				CLANG_WARN_UNGUARDED_AVAILABILITY = YES_AGGRESSIVE;
				CLANG_WARN_UNREACHABLE_CODE = YES;
				CLANG_WARN__DUPLICATE_METHOD_MATCH = YES;
				COPY_PHASE_STRIP = NO;
				DEBUG_INFORMATION_FORMAT = "dwarf-with-dsym";
				ENABLE_NS_ASSERTIONS = NO;
				ENABLE_STRICT_OBJC_MSGSEND = YES;
				GCC_C_LANGUAGE_STANDARD = gnu11;
				GCC_NO_COMMON_BLOCKS = YES;
				GCC_WARN_64_TO_32_BIT_CONVERSION = YES;
				GCC_WARN_ABOUT_RETURN_TYPE = YES_ERROR;
				GCC_WARN_UNDECLARED_SELECTOR = YES;
				GCC_WARN_UNINITIALIZED_AUTOS = YES_AGGRESSIVE;
				GCC_WARN_UNUSED_FUNCTION = YES;
				GCC_WARN_UNUSED_VARIABLE = YES;
				IPHONEOS_DEPLOYMENT_TARGET = 16.2;
				MTL_ENABLE_DEBUG_INFO = NO;
				MTL_FAST_MATH = YES;
				SDKROOT = iphoneos;
				SWIFT_COMPILATION_MODE = wholemodule;
				SWIFT_OPTIMIZATION_LEVEL = "-O";
				VALIDATE_PRODUCT = YES;
			};
			name = Release;
		};
		52BB277C2BC45C60009EDC5D /* Debug */ = {
			isa = XCBuildConfiguration;
			buildSettings = {
				ASSETCATALOG_COMPILER_APPICON_NAME = AppIcon;
				ASSETCATALOG_COMPILER_GLOBAL_ACCENT_COLOR_NAME = AccentColor;
				CODE_SIGN_STYLE = Automatic;
				CURRENT_PROJECT_VERSION = 1;
				GENERATE_INFOPLIST_FILE = YES;
				INFOPLIST_FILE = Jaimin_Patel_FE_8959101/Info.plist;
				INFOPLIST_KEY_UIApplicationSupportsIndirectInputEvents = YES;
				INFOPLIST_KEY_UILaunchStoryboardName = LaunchScreen;
				INFOPLIST_KEY_UIMainStoryboardFile = Main;
				INFOPLIST_KEY_UISupportedInterfaceOrientations_iPad = "UIInterfaceOrientationPortrait UIInterfaceOrientationPortraitUpsideDown UIInterfaceOrientationLandscapeLeft UIInterfaceOrientationLandscapeRight";
				INFOPLIST_KEY_UISupportedInterfaceOrientations_iPhone = "UIInterfaceOrientationPortrait UIInterfaceOrientationLandscapeLeft UIInterfaceOrientationLandscapeRight";
				LD_RUNPATH_SEARCH_PATHS = (
					"$(inherited)",
					"@executable_path/Frameworks",
				);
				MARKETING_VERSION = 1.0;
				PRODUCT_BUNDLE_IDENTIFIER = "conestoga.Jaimin-Patel-FE-8959101";
				PRODUCT_NAME = "$(TARGET_NAME)";
				SWIFT_EMIT_LOC_STRINGS = YES;
				SWIFT_VERSION = 5.0;
				TARGETED_DEVICE_FAMILY = "1,2";
			};
			name = Debug;
		};
		52BB277D2BC45C60009EDC5D /* Release */ = {
			isa = XCBuildConfiguration;
			buildSettings = {
				ASSETCATALOG_COMPILER_APPICON_NAME = AppIcon;
				ASSETCATALOG_COMPILER_GLOBAL_ACCENT_COLOR_NAME = AccentColor;
				CODE_SIGN_STYLE = Automatic;
				CURRENT_PROJECT_VERSION = 1;
				GENERATE_INFOPLIST_FILE = YES;
				INFOPLIST_FILE = Jaimin_Patel_FE_8959101/Info.plist;
				INFOPLIST_KEY_UIApplicationSupportsIndirectInputEvents = YES;
				INFOPLIST_KEY_UILaunchStoryboardName = LaunchScreen;
				INFOPLIST_KEY_UIMainStoryboardFile = Main;
				INFOPLIST_KEY_UISupportedInterfaceOrientations_iPad = "UIInterfaceOrientationPortrait UIInterfaceOrientationPortraitUpsideDown UIInterfaceOrientationLandscapeLeft UIInterfaceOrientationLandscapeRight";
				INFOPLIST_KEY_UISupportedInterfaceOrientations_iPhone = "UIInterfaceOrientationPortrait UIInterfaceOrientationLandscapeLeft UIInterfaceOrientationLandscapeRight";
				LD_RUNPATH_SEARCH_PATHS = (
					"$(inherited)",
					"@executable_path/Frameworks",
				);
				MARKETING_VERSION = 1.0;
				PRODUCT_BUNDLE_IDENTIFIER = "conestoga.Jaimin-Patel-FE-8959101";
				PRODUCT_NAME = "$(TARGET_NAME)";
				SWIFT_EMIT_LOC_STRINGS = YES;
				SWIFT_VERSION = 5.0;
				TARGETED_DEVICE_FAMILY = "1,2";
			};
			name = Release;
		};
		52BB277F2BC45C60009EDC5D /* Debug */ = {
			isa = XCBuildConfiguration;
			buildSettings = {
				ALWAYS_EMBED_SWIFT_STANDARD_LIBRARIES = YES;
				BUNDLE_LOADER = "$(TEST_HOST)";
				CODE_SIGN_STYLE = Automatic;
				CURRENT_PROJECT_VERSION = 1;
				GENERATE_INFOPLIST_FILE = YES;
				IPHONEOS_DEPLOYMENT_TARGET = 16.2;
				MARKETING_VERSION = 1.0;
				PRODUCT_BUNDLE_IDENTIFIER = "conestoga.Jaimin-Patel-FE-8959101Tests";
				PRODUCT_NAME = "$(TARGET_NAME)";
				SWIFT_EMIT_LOC_STRINGS = NO;
				SWIFT_VERSION = 5.0;
				TARGETED_DEVICE_FAMILY = "1,2";
				TEST_HOST = "$(BUILT_PRODUCTS_DIR)/Jaimin_Patel_FE_8959101.app/$(BUNDLE_EXECUTABLE_FOLDER_PATH)/Jaimin_Patel_FE_8959101";
			};
			name = Debug;
		};
		52BB27802BC45C60009EDC5D /* Release */ = {
			isa = XCBuildConfiguration;
			buildSettings = {
				ALWAYS_EMBED_SWIFT_STANDARD_LIBRARIES = YES;
				BUNDLE_LOADER = "$(TEST_HOST)";
				CODE_SIGN_STYLE = Automatic;
				CURRENT_PROJECT_VERSION = 1;
				GENERATE_INFOPLIST_FILE = YES;
				IPHONEOS_DEPLOYMENT_TARGET = 16.2;
				MARKETING_VERSION = 1.0;
				PRODUCT_BUNDLE_IDENTIFIER = "conestoga.Jaimin-Patel-FE-8959101Tests";
				PRODUCT_NAME = "$(TARGET_NAME)";
				SWIFT_EMIT_LOC_STRINGS = NO;
				SWIFT_VERSION = 5.0;
				TARGETED_DEVICE_FAMILY = "1,2";
				TEST_HOST = "$(BUILT_PRODUCTS_DIR)/Jaimin_Patel_FE_8959101.app/$(BUNDLE_EXECUTABLE_FOLDER_PATH)/Jaimin_Patel_FE_8959101";
			};
			name = Release;
		};
		52BB27822BC45C60009EDC5D /* Debug */ = {
			isa = XCBuildConfiguration;
			buildSettings = {
				ALWAYS_EMBED_SWIFT_STANDARD_LIBRARIES = YES;
				CODE_SIGN_STYLE = Automatic;
				CURRENT_PROJECT_VERSION = 1;
				GENERATE_INFOPLIST_FILE = YES;
				MARKETING_VERSION = 1.0;
				PRODUCT_BUNDLE_IDENTIFIER = "conestoga.Jaimin-Patel-FE-8959101UITests";
				PRODUCT_NAME = "$(TARGET_NAME)";
				SWIFT_EMIT_LOC_STRINGS = NO;
				SWIFT_VERSION = 5.0;
				TARGETED_DEVICE_FAMILY = "1,2";
				TEST_TARGET_NAME = Jaimin_Patel_FE_8959101;
			};
			name = Debug;
		};
		52BB27832BC45C60009EDC5D /* Release */ = {
			isa = XCBuildConfiguration;
			buildSettings = {
				ALWAYS_EMBED_SWIFT_STANDARD_LIBRARIES = YES;
				CODE_SIGN_STYLE = Automatic;
				CURRENT_PROJECT_VERSION = 1;
				GENERATE_INFOPLIST_FILE = YES;
				MARKETING_VERSION = 1.0;
				PRODUCT_BUNDLE_IDENTIFIER = "conestoga.Jaimin-Patel-FE-8959101UITests";
				PRODUCT_NAME = "$(TARGET_NAME)";
				SWIFT_EMIT_LOC_STRINGS = NO;
				SWIFT_VERSION = 5.0;
				TARGETED_DEVICE_FAMILY = "1,2";
				TEST_TARGET_NAME = Jaimin_Patel_FE_8959101;
			};
			name = Release;
		};
/* End XCBuildConfiguration section */

/* Begin XCConfigurationList section */
		52BB274C2BC45C5D009EDC5D /* Build configuration list for PBXProject "Jaimin_Patel_FE_8959101" */ = {
			isa = XCConfigurationList;
			buildConfigurations = (
				52BB27792BC45C60009EDC5D /* Debug */,
				52BB277A2BC45C60009EDC5D /* Release */,
			);
			defaultConfigurationIsVisible = 0;
			defaultConfigurationName = Release;
		};
		52BB277B2BC45C60009EDC5D /* Build configuration list for PBXNativeTarget "Jaimin_Patel_FE_8959101" */ = {
			isa = XCConfigurationList;
			buildConfigurations = (
				52BB277C2BC45C60009EDC5D /* Debug */,
				52BB277D2BC45C60009EDC5D /* Release */,
			);
			defaultConfigurationIsVisible = 0;
			defaultConfigurationName = Release;
		};
		52BB277E2BC45C60009EDC5D /* Build configuration list for PBXNativeTarget "Jaimin_Patel_FE_8959101Tests" */ = {
			isa = XCConfigurationList;
			buildConfigurations = (
				52BB277F2BC45C60009EDC5D /* Debug */,
				52BB27802BC45C60009EDC5D /* Release */,
			);
			defaultConfigurationIsVisible = 0;
			defaultConfigurationName = Release;
		};
		52BB27812BC45C60009EDC5D /* Build configuration list for PBXNativeTarget "Jaimin_Patel_FE_8959101UITests" */ = {
			isa = XCConfigurationList;
			buildConfigurations = (
				52BB27822BC45C60009EDC5D /* Debug */,
				52BB27832BC45C60009EDC5D /* Release */,
			);
			defaultConfigurationIsVisible = 0;
			defaultConfigurationName = Release;
		};
/* End XCConfigurationList section */
	};
	rootObject = 52BB27492BC45C5D009EDC5D /* Project object */;
}
